
Microsoft Visual Studio Solution File, Format Version 10.00
# Visual C# Express 2008
Project("{FAE04EC0-301F-11D3-BF4B-00C04F79EFBC}") = "SifSource", "SifSource\SifSource.csproj", "{20AB1975-D48A-4C52-BAAD-8D2F6C65C9CE}"
EndProject
Global
	GlobalSection(SolutionConfigurationPlatforms) = preSolution
		Debug|Any CPU = Debug|Any CPU
		Release|Any CPU = Release|Any CPU
	EndGlobalSection
	GlobalSection(ProjectConfigurationPlatforms) = postSolution
		{20AB1975-D48A-4C52-BAAD-8D2F6C65C9CE}.Debug|Any CPU.ActiveCfg = Debug|Any CPU
		{20AB1975-D48A-4C52-BAAD-8D2F6C65C9CE}.Debug|Any CPU.Build.0 = Debug|Any CPU
		{20AB1975-D48A-4C52-BAAD-8D2F6C65C9CE}.Release|Any CPU.ActiveCfg = Release|Any CPU
		{20AB1975-D48A-4C52-BAAD-8D2F6C65C9CE}.Release|Any CPU.Build.0 = Release|Any CPU
	EndGlobalSection
	GlobalSection(SolutionProperties) = preSolution
		HideSolutionNode = FALSE
	EndGlobalSection
	GlobalSection(MonoDevelopProperties) = preSolution
		StartupItem = SifSource\SifSource.csproj
	EndGlobalSection
EndGlobal
